
Microsoft Visual Studio Solution File, Format Version 12.00
# Visual Studio Version 16
VisualStudioVersion = 16.0.30320.27
MinimumVisualStudioVersion = 10.0.40219.1
Project("{FAE04EC0-301F-11D3-BF4B-00C04F79EFBC}") = "Craftsman", "Craftsman\Craftsman.csproj", "{74410412-F54A-47C5-898D-31DB927B70D6}"
EndProject
Project("{FAE04EC0-301F-11D3-BF4B-00C04F79EFBC}") = "Craftsman.Tests", "Craftsman.Tests\Craftsman.Tests.csproj", "{8DBB03D0-4489-4E02-A87E-1071FA146A56}"
EndProject
Project("{FAE04EC0-301F-11D3-BF4B-00C04F79EFBC}") = "NewCraftsmanUnitTests", "NewCraftsmanUnitTests\NewCraftsmanUnitTests.csproj", "{83EE8C22-7B74-4182-8F37-CA91F54DAA95}"
EndProject
Global
	GlobalSection(SolutionConfigurationPlatforms) = preSolution
		Debug|Any CPU = Debug|Any CPU
		Release|Any CPU = Release|Any CPU
	EndGlobalSection
	GlobalSection(ProjectConfigurationPlatforms) = postSolution
		{74410412-F54A-47C5-898D-31DB927B70D6}.Debug|Any CPU.ActiveCfg = Debug|Any CPU
		{74410412-F54A-47C5-898D-31DB927B70D6}.Debug|Any CPU.Build.0 = Debug|Any CPU
		{74410412-F54A-47C5-898D-31DB927B70D6}.Release|Any CPU.ActiveCfg = Release|Any CPU
		{74410412-F54A-47C5-898D-31DB927B70D6}.Release|Any CPU.Build.0 = Release|Any CPU
		{8DBB03D0-4489-4E02-A87E-1071FA146A56}.Debug|Any CPU.ActiveCfg = Debug|Any CPU
		{8DBB03D0-4489-4E02-A87E-1071FA146A56}.Debug|Any CPU.Build.0 = Debug|Any CPU
		{8DBB03D0-4489-4E02-A87E-1071FA146A56}.Release|Any CPU.ActiveCfg = Release|Any CPU
		{8DBB03D0-4489-4E02-A87E-1071FA146A56}.Release|Any CPU.Build.0 = Release|Any CPU
		{83EE8C22-7B74-4182-8F37-CA91F54DAA95}.Debug|Any CPU.ActiveCfg = Debug|Any CPU
		{83EE8C22-7B74-4182-8F37-CA91F54DAA95}.Debug|Any CPU.Build.0 = Debug|Any CPU
		{83EE8C22-7B74-4182-8F37-CA91F54DAA95}.Release|Any CPU.ActiveCfg = Release|Any CPU
		{83EE8C22-7B74-4182-8F37-CA91F54DAA95}.Release|Any CPU.Build.0 = Release|Any CPU
	EndGlobalSection
	GlobalSection(SolutionProperties) = preSolution
		HideSolutionNode = FALSE
	EndGlobalSection
	GlobalSection(ExtensibilityGlobals) = postSolution
		SolutionGuid = {70ACCF38-12D7-421F-B27D-A375623A5647}
	EndGlobalSection
EndGlobal
